// !$*UTF8*$!
{
	archiveVersion = 1;
	classes = {
	};
	objectVersion = 56;
	objects = {

/* Begin PBXBuildFile section */
		3E26574C2B69FD7300599D76 /* CustomNavBar.swift in Sources */ = {isa = PBXBuildFile; fileRef = 3E26574B2B69FD7300599D76 /* CustomNavBar.swift */; };
		3E26574E2B6A019400599D76 /* LoggedInHomeView.swift in Sources */ = {isa = PBXBuildFile; fileRef = 3E26574D2B6A019400599D76 /* LoggedInHomeView.swift */; };
		3E2657502B6A08D900599D76 /* DestinationCard.swift in Sources */ = {isa = PBXBuildFile; fileRef = 3E26574F2B6A08D900599D76 /* DestinationCard.swift */; };
		3E269EB62B699EB1004DFF1C /* GoogleService-Info.plist in Resources */ = {isa = PBXBuildFile; fileRef = 3E269EB52B699EB1004DFF1C /* GoogleService-Info.plist */; };
		3E269EB92B699F15004DFF1C /* FirebaseAnalytics in Frameworks */ = {isa = PBXBuildFile; productRef = 3E269EB82B699F15004DFF1C /* FirebaseAnalytics */; };
		3E269EBB2B699F15004DFF1C /* FirebaseAnalyticsOnDeviceConversion in Frameworks */ = {isa = PBXBuildFile; productRef = 3E269EBA2B699F15004DFF1C /* FirebaseAnalyticsOnDeviceConversion */; };
		3E269EBD2B699F15004DFF1C /* FirebaseAnalyticsSwift in Frameworks */ = {isa = PBXBuildFile; productRef = 3E269EBC2B699F15004DFF1C /* FirebaseAnalyticsSwift */; };
		3E269EBF2B699F15004DFF1C /* FirebaseAnalyticsWithoutAdIdSupport in Frameworks */ = {isa = PBXBuildFile; productRef = 3E269EBE2B699F15004DFF1C /* FirebaseAnalyticsWithoutAdIdSupport */; };
		3E269EC12B699F15004DFF1C /* FirebaseAppCheck in Frameworks */ = {isa = PBXBuildFile; productRef = 3E269EC02B699F15004DFF1C /* FirebaseAppCheck */; };
		3E269EC42B69A15D004DFF1C /* authenticator.swift in Sources */ = {isa = PBXBuildFile; fileRef = 3E269EC32B69A15D004DFF1C /* authenticator.swift */; };
		3E269EC62B69A2C3004DFF1C /* FirebaseAnalytics in Frameworks */ = {isa = PBXBuildFile; productRef = 3E269EC52B69A2C3004DFF1C /* FirebaseAnalytics */; };
		3E269EC82B69A2C3004DFF1C /* FirebaseAnalyticsOnDeviceConversion in Frameworks */ = {isa = PBXBuildFile; productRef = 3E269EC72B69A2C3004DFF1C /* FirebaseAnalyticsOnDeviceConversion */; };
		3E269ECA2B69A2C3004DFF1C /* FirebaseAnalyticsSwift in Frameworks */ = {isa = PBXBuildFile; productRef = 3E269EC92B69A2C3004DFF1C /* FirebaseAnalyticsSwift */; };
		3E269ECC2B69A2C3004DFF1C /* FirebaseAnalyticsWithoutAdIdSupport in Frameworks */ = {isa = PBXBuildFile; productRef = 3E269ECB2B69A2C3004DFF1C /* FirebaseAnalyticsWithoutAdIdSupport */; };
		3E269ECE2B69A2C3004DFF1C /* FirebaseAppCheck in Frameworks */ = {isa = PBXBuildFile; productRef = 3E269ECD2B69A2C3004DFF1C /* FirebaseAppCheck */; };
		3E269ED02B69A2C3004DFF1C /* FirebaseAppDistribution-Beta in Frameworks */ = {isa = PBXBuildFile; productRef = 3E269ECF2B69A2C3004DFF1C /* FirebaseAppDistribution-Beta */; };
		3E269ED22B69A2C3004DFF1C /* FirebaseAuth in Frameworks */ = {isa = PBXBuildFile; productRef = 3E269ED12B69A2C3004DFF1C /* FirebaseAuth */; };
		3E269ED42B69A2C3004DFF1C /* FirebaseAuthCombine-Community in Frameworks */ = {isa = PBXBuildFile; productRef = 3E269ED32B69A2C3004DFF1C /* FirebaseAuthCombine-Community */; };
		3E269ED62B69A2C3004DFF1C /* FirebaseCrashlytics in Frameworks */ = {isa = PBXBuildFile; productRef = 3E269ED52B69A2C3004DFF1C /* FirebaseCrashlytics */; };
		3E269ED82B69A2C3004DFF1C /* FirebaseDatabase in Frameworks */ = {isa = PBXBuildFile; productRef = 3E269ED72B69A2C3004DFF1C /* FirebaseDatabase */; };
		3E269EDA2B69A2C3004DFF1C /* FirebaseDatabaseSwift in Frameworks */ = {isa = PBXBuildFile; productRef = 3E269ED92B69A2C3004DFF1C /* FirebaseDatabaseSwift */; };
		3E269EDC2B69A2C3004DFF1C /* FirebaseDynamicLinks in Frameworks */ = {isa = PBXBuildFile; productRef = 3E269EDB2B69A2C3004DFF1C /* FirebaseDynamicLinks */; };
		3E269EDE2B69A2C3004DFF1C /* FirebaseFirestore in Frameworks */ = {isa = PBXBuildFile; productRef = 3E269EDD2B69A2C3004DFF1C /* FirebaseFirestore */; };
		3E269EE02B69A2C3004DFF1C /* FirebaseFirestoreCombine-Community in Frameworks */ = {isa = PBXBuildFile; productRef = 3E269EDF2B69A2C3004DFF1C /* FirebaseFirestoreCombine-Community */; };
		3E269EE22B69A2C3004DFF1C /* FirebaseFirestoreSwift in Frameworks */ = {isa = PBXBuildFile; productRef = 3E269EE12B69A2C3004DFF1C /* FirebaseFirestoreSwift */; };
		3E269EE42B69A2C3004DFF1C /* FirebaseFunctions in Frameworks */ = {isa = PBXBuildFile; productRef = 3E269EE32B69A2C3004DFF1C /* FirebaseFunctions */; };
		3E269EE62B69A2C3004DFF1C /* FirebaseFunctionsCombine-Community in Frameworks */ = {isa = PBXBuildFile; productRef = 3E269EE52B69A2C3004DFF1C /* FirebaseFunctionsCombine-Community */; };
		3E269EE82B69A2C3004DFF1C /* FirebaseInAppMessaging-Beta in Frameworks */ = {isa = PBXBuildFile; productRef = 3E269EE72B69A2C3004DFF1C /* FirebaseInAppMessaging-Beta */; };
		3E269EEA2B69A2C3004DFF1C /* FirebaseInAppMessagingSwift-Beta in Frameworks */ = {isa = PBXBuildFile; productRef = 3E269EE92B69A2C3004DFF1C /* FirebaseInAppMessagingSwift-Beta */; };
		3E269EEC2B69A2C3004DFF1C /* FirebaseInstallations in Frameworks */ = {isa = PBXBuildFile; productRef = 3E269EEB2B69A2C3004DFF1C /* FirebaseInstallations */; };
		3E269EEE2B69A2C3004DFF1C /* FirebaseMLModelDownloader in Frameworks */ = {isa = PBXBuildFile; productRef = 3E269EED2B69A2C3004DFF1C /* FirebaseMLModelDownloader */; };
		3E269EF02B69A2C3004DFF1C /* FirebaseMessaging in Frameworks */ = {isa = PBXBuildFile; productRef = 3E269EEF2B69A2C3004DFF1C /* FirebaseMessaging */; };
		3E269EF22B69A2C3004DFF1C /* FirebasePerformance in Frameworks */ = {isa = PBXBuildFile; productRef = 3E269EF12B69A2C3004DFF1C /* FirebasePerformance */; };
		3E269EF42B69A2C3004DFF1C /* FirebaseRemoteConfig in Frameworks */ = {isa = PBXBuildFile; productRef = 3E269EF32B69A2C3004DFF1C /* FirebaseRemoteConfig */; };
		3E269EF62B69A2C3004DFF1C /* FirebaseRemoteConfigSwift in Frameworks */ = {isa = PBXBuildFile; productRef = 3E269EF52B69A2C3004DFF1C /* FirebaseRemoteConfigSwift */; };
		3E269EF82B69A2C3004DFF1C /* FirebaseStorage in Frameworks */ = {isa = PBXBuildFile; productRef = 3E269EF72B69A2C3004DFF1C /* FirebaseStorage */; };
		3E269EFA2B69A2C3004DFF1C /* FirebaseStorageCombine-Community in Frameworks */ = {isa = PBXBuildFile; productRef = 3E269EF92B69A2C3004DFF1C /* FirebaseStorageCombine-Community */; };
		3E4633F32B69EA390021B851 /* FacebookAEM in Frameworks */ = {isa = PBXBuildFile; productRef = 3E4633F22B69EA390021B851 /* FacebookAEM */; };
		3E4633F52B69EA390021B851 /* FacebookBasics in Frameworks */ = {isa = PBXBuildFile; productRef = 3E4633F42B69EA390021B851 /* FacebookBasics */; };
		3E4633F72B69EA390021B851 /* FacebookCore in Frameworks */ = {isa = PBXBuildFile; productRef = 3E4633F62B69EA390021B851 /* FacebookCore */; };
		3E4633F92B69EA390021B851 /* FacebookLogin in Frameworks */ = {isa = PBXBuildFile; productRef = 3E4633F82B69EA390021B851 /* FacebookLogin */; };
		3E5CA6D82B689899008AF2FA /* sylas_swiftuiApp.swift in Sources */ = {isa = PBXBuildFile; fileRef = 3E5CA6D72B689899008AF2FA /* sylas_swiftuiApp.swift */; };
		3E5CA6DA2B689899008AF2FA /* UnauthenticatedHomeView.swift in Sources */ = {isa = PBXBuildFile; fileRef = 3E5CA6D92B689899008AF2FA /* UnauthenticatedHomeView.swift */; };
		3E5CA6DC2B68989A008AF2FA /* Assets.xcassets in Resources */ = {isa = PBXBuildFile; fileRef = 3E5CA6DB2B68989A008AF2FA /* Assets.xcassets */; };
		3E5CA6DF2B68989A008AF2FA /* Preview Assets.xcassets in Resources */ = {isa = PBXBuildFile; fileRef = 3E5CA6DE2B68989A008AF2FA /* Preview Assets.xcassets */; };
		3E72E1F12B6955CB004136BB /* SignUpView.swift in Sources */ = {isa = PBXBuildFile; fileRef = 3E72E1F02B6955CB004136BB /* SignUpView.swift */; };
		3ECEB6ED2B6B12A500A1C5F4 /* ItineraryView.swift in Sources */ = {isa = PBXBuildFile; fileRef = 3ECEB6EC2B6B12A500A1C5F4 /* ItineraryView.swift */; };
		3ECEB6F42B6B62F400A1C5F4 /* Region.swift in Sources */ = {isa = PBXBuildFile; fileRef = 3ECEB6F32B6B62F400A1C5F4 /* Region.swift */; };
		3ECEB6F62B6B634900A1C5F4 /* Itinerary.swift in Sources */ = {isa = PBXBuildFile; fileRef = 3ECEB6F52B6B634900A1C5F4 /* Itinerary.swift */; };
		3ECEB6F82B6B63C800A1C5F4 /* SylasUser.swift in Sources */ = {isa = PBXBuildFile; fileRef = 3ECEB6F72B6B63C800A1C5F4 /* SylasUser.swift */; };
		3ED5F15E2B6E90220083AC0C /* RootView.swift in Sources */ = {isa = PBXBuildFile; fileRef = 3ED5F15D2B6E90220083AC0C /* RootView.swift */; };
		3ED5F1632B6F1A4E0083AC0C /* ItineraryMapView.swift in Sources */ = {isa = PBXBuildFile; fileRef = 3ED5F1622B6F1A4E0083AC0C /* ItineraryMapView.swift */; };
		3ED5F1652B6F1D6B0083AC0C /* BlackAndWhiteMap.swift in Sources */ = {isa = PBXBuildFile; fileRef = 3ED5F1642B6F1D6B0083AC0C /* BlackAndWhiteMap.swift */; };
		3ED5F1672B7037080083AC0C /* MapThumbnail.swift in Sources */ = {isa = PBXBuildFile; fileRef = 3ED5F1662B7037080083AC0C /* MapThumbnail.swift */; };
		3ED5F16A2B704C1C0083AC0C /* OpenTripMapAPI.swift in Sources */ = {isa = PBXBuildFile; fileRef = 3ED5F1692B704C1C0083AC0C /* OpenTripMapAPI.swift */; };
		3ED5F16D2B709CB00083AC0C /* CreateItineraryView.swift in Sources */ = {isa = PBXBuildFile; fileRef = 3ED5F16C2B709CB00083AC0C /* CreateItineraryView.swift */; };
		3EEC50952B69AB20003D3A3E /* FirebaseAnalytics in Frameworks */ = {isa = PBXBuildFile; productRef = 3EEC50942B69AB20003D3A3E /* FirebaseAnalytics */; };
		3EEC50972B69AB20003D3A3E /* FirebaseAnalyticsOnDeviceConversion in Frameworks */ = {isa = PBXBuildFile; productRef = 3EEC50962B69AB20003D3A3E /* FirebaseAnalyticsOnDeviceConversion */; };
		3EEC50992B69AB20003D3A3E /* FirebaseAnalyticsSwift in Frameworks */ = {isa = PBXBuildFile; productRef = 3EEC50982B69AB20003D3A3E /* FirebaseAnalyticsSwift */; };
		3EEC509B2B69AB20003D3A3E /* FirebaseAnalyticsWithoutAdIdSupport in Frameworks */ = {isa = PBXBuildFile; productRef = 3EEC509A2B69AB20003D3A3E /* FirebaseAnalyticsWithoutAdIdSupport */; };
		3EEC509D2B69AB20003D3A3E /* FirebaseAppCheck in Frameworks */ = {isa = PBXBuildFile; productRef = 3EEC509C2B69AB20003D3A3E /* FirebaseAppCheck */; };
		3EEC509F2B69AB20003D3A3E /* FirebaseAppDistribution-Beta in Frameworks */ = {isa = PBXBuildFile; productRef = 3EEC509E2B69AB20003D3A3E /* FirebaseAppDistribution-Beta */; };
		3EEC50A12B69AB20003D3A3E /* FirebaseAuth in Frameworks */ = {isa = PBXBuildFile; productRef = 3EEC50A02B69AB20003D3A3E /* FirebaseAuth */; };
		3EEC50A32B69AB20003D3A3E /* FirebaseAuthCombine-Community in Frameworks */ = {isa = PBXBuildFile; productRef = 3EEC50A22B69AB20003D3A3E /* FirebaseAuthCombine-Community */; };
		3EEC50A52B69AB20003D3A3E /* FirebaseCrashlytics in Frameworks */ = {isa = PBXBuildFile; productRef = 3EEC50A42B69AB20003D3A3E /* FirebaseCrashlytics */; };
		3EEC50A72B69AB20003D3A3E /* FirebaseDatabase in Frameworks */ = {isa = PBXBuildFile; productRef = 3EEC50A62B69AB20003D3A3E /* FirebaseDatabase */; };
		3EEC50A92B69AB20003D3A3E /* FirebaseDatabaseSwift in Frameworks */ = {isa = PBXBuildFile; productRef = 3EEC50A82B69AB20003D3A3E /* FirebaseDatabaseSwift */; };
		3EEC50AB2B69AB20003D3A3E /* FirebaseDynamicLinks in Frameworks */ = {isa = PBXBuildFile; productRef = 3EEC50AA2B69AB20003D3A3E /* FirebaseDynamicLinks */; };
		3EEC50AD2B69AB20003D3A3E /* FirebaseFirestore in Frameworks */ = {isa = PBXBuildFile; productRef = 3EEC50AC2B69AB20003D3A3E /* FirebaseFirestore */; };
		3EEC50AF2B69AB20003D3A3E /* FirebaseFirestoreCombine-Community in Frameworks */ = {isa = PBXBuildFile; productRef = 3EEC50AE2B69AB20003D3A3E /* FirebaseFirestoreCombine-Community */; };
		3EEC50B12B69AB20003D3A3E /* FirebaseFirestoreSwift in Frameworks */ = {isa = PBXBuildFile; productRef = 3EEC50B02B69AB20003D3A3E /* FirebaseFirestoreSwift */; };
		3EEC50B32B69AB20003D3A3E /* FirebaseFunctions in Frameworks */ = {isa = PBXBuildFile; productRef = 3EEC50B22B69AB20003D3A3E /* FirebaseFunctions */; };
		3EEC50B52B69AB20003D3A3E /* FirebaseFunctionsCombine-Community in Frameworks */ = {isa = PBXBuildFile; productRef = 3EEC50B42B69AB20003D3A3E /* FirebaseFunctionsCombine-Community */; };
		3EEC50B72B69AB20003D3A3E /* FirebaseInAppMessaging-Beta in Frameworks */ = {isa = PBXBuildFile; productRef = 3EEC50B62B69AB20003D3A3E /* FirebaseInAppMessaging-Beta */; };
		3EEC50B92B69AB20003D3A3E /* FirebaseInAppMessagingSwift-Beta in Frameworks */ = {isa = PBXBuildFile; productRef = 3EEC50B82B69AB20003D3A3E /* FirebaseInAppMessagingSwift-Beta */; };
		3EEC50BB2B69AB20003D3A3E /* FirebaseInstallations in Frameworks */ = {isa = PBXBuildFile; productRef = 3EEC50BA2B69AB20003D3A3E /* FirebaseInstallations */; };
		3EEC50BD2B69AB20003D3A3E /* FirebaseMLModelDownloader in Frameworks */ = {isa = PBXBuildFile; productRef = 3EEC50BC2B69AB20003D3A3E /* FirebaseMLModelDownloader */; };
		3EEC50BF2B69AB20003D3A3E /* FirebaseMessaging in Frameworks */ = {isa = PBXBuildFile; productRef = 3EEC50BE2B69AB20003D3A3E /* FirebaseMessaging */; };
		3EEC50C12B69AB20003D3A3E /* FirebasePerformance in Frameworks */ = {isa = PBXBuildFile; productRef = 3EEC50C02B69AB20003D3A3E /* FirebasePerformance */; };
		3EEC50C32B69AB20003D3A3E /* FirebaseRemoteConfig in Frameworks */ = {isa = PBXBuildFile; productRef = 3EEC50C22B69AB20003D3A3E /* FirebaseRemoteConfig */; };
		3EEC50C52B69AB20003D3A3E /* FirebaseRemoteConfigSwift in Frameworks */ = {isa = PBXBuildFile; productRef = 3EEC50C42B69AB20003D3A3E /* FirebaseRemoteConfigSwift */; };
		3EEC50C72B69AB20003D3A3E /* FirebaseStorage in Frameworks */ = {isa = PBXBuildFile; productRef = 3EEC50C62B69AB20003D3A3E /* FirebaseStorage */; };
		3EEC50C92B69AB20003D3A3E /* FirebaseStorageCombine-Community in Frameworks */ = {isa = PBXBuildFile; productRef = 3EEC50C82B69AB20003D3A3E /* FirebaseStorageCombine-Community */; };
		3EEC50CD2B69D1B9003D3A3E /* GoogleSignIn in Frameworks */ = {isa = PBXBuildFile; productRef = 3EEC50CC2B69D1B9003D3A3E /* GoogleSignIn */; };
		3EEC50CF2B69D1B9003D3A3E /* GoogleSignInSwift in Frameworks */ = {isa = PBXBuildFile; productRef = 3EEC50CE2B69D1B9003D3A3E /* GoogleSignInSwift */; };
/* End PBXBuildFile section */

/* Begin PBXFileReference section */
		3E26574B2B69FD7300599D76 /* CustomNavBar.swift */ = {isa = PBXFileReference; lastKnownFileType = sourcecode.swift; path = CustomNavBar.swift; sourceTree = "<group>"; };
		3E26574D2B6A019400599D76 /* LoggedInHomeView.swift */ = {isa = PBXFileReference; lastKnownFileType = sourcecode.swift; path = LoggedInHomeView.swift; sourceTree = "<group>"; };
		3E26574F2B6A08D900599D76 /* DestinationCard.swift */ = {isa = PBXFileReference; lastKnownFileType = sourcecode.swift; path = DestinationCard.swift; sourceTree = "<group>"; };
		3E269EB52B699EB1004DFF1C /* GoogleService-Info.plist */ = {isa = PBXFileReference; fileEncoding = 4; lastKnownFileType = text.plist.xml; path = "GoogleService-Info.plist"; sourceTree = "<group>"; };
		3E269EC32B69A15D004DFF1C /* authenticator.swift */ = {isa = PBXFileReference; lastKnownFileType = sourcecode.swift; path = authenticator.swift; sourceTree = "<group>"; };
		3E5CA6D42B689899008AF2FA /* sylas_swiftui.app */ = {isa = PBXFileReference; explicitFileType = wrapper.application; includeInIndex = 0; path = sylas_swiftui.app; sourceTree = BUILT_PRODUCTS_DIR; };
		3E5CA6D72B689899008AF2FA /* sylas_swiftuiApp.swift */ = {isa = PBXFileReference; lastKnownFileType = sourcecode.swift; path = sylas_swiftuiApp.swift; sourceTree = "<group>"; };
		3E5CA6D92B689899008AF2FA /* UnauthenticatedHomeView.swift */ = {isa = PBXFileReference; lastKnownFileType = sourcecode.swift; path = UnauthenticatedHomeView.swift; sourceTree = "<group>"; };
		3E5CA6DB2B68989A008AF2FA /* Assets.xcassets */ = {isa = PBXFileReference; lastKnownFileType = folder.assetcatalog; path = Assets.xcassets; sourceTree = "<group>"; };
		3E5CA6DE2B68989A008AF2FA /* Preview Assets.xcassets */ = {isa = PBXFileReference; lastKnownFileType = folder.assetcatalog; path = "Preview Assets.xcassets"; sourceTree = "<group>"; };
		3E72E1F02B6955CB004136BB /* SignUpView.swift */ = {isa = PBXFileReference; lastKnownFileType = sourcecode.swift; path = SignUpView.swift; sourceTree = "<group>"; };
		3ECEB6EC2B6B12A500A1C5F4 /* ItineraryView.swift */ = {isa = PBXFileReference; lastKnownFileType = sourcecode.swift; path = ItineraryView.swift; sourceTree = "<group>"; };
		3ECEB6F32B6B62F400A1C5F4 /* Region.swift */ = {isa = PBXFileReference; lastKnownFileType = sourcecode.swift; path = Region.swift; sourceTree = "<group>"; };
		3ECEB6F52B6B634900A1C5F4 /* Itinerary.swift */ = {isa = PBXFileReference; lastKnownFileType = sourcecode.swift; path = Itinerary.swift; sourceTree = "<group>"; };
		3ECEB6F72B6B63C800A1C5F4 /* SylasUser.swift */ = {isa = PBXFileReference; lastKnownFileType = sourcecode.swift; path = SylasUser.swift; sourceTree = "<group>"; };
		3ED5F15D2B6E90220083AC0C /* RootView.swift */ = {isa = PBXFileReference; lastKnownFileType = sourcecode.swift; path = RootView.swift; sourceTree = "<group>"; };
		3ED5F1622B6F1A4E0083AC0C /* ItineraryMapView.swift */ = {isa = PBXFileReference; lastKnownFileType = sourcecode.swift; path = ItineraryMapView.swift; sourceTree = "<group>"; };
		3ED5F1642B6F1D6B0083AC0C /* BlackAndWhiteMap.swift */ = {isa = PBXFileReference; lastKnownFileType = sourcecode.swift; path = BlackAndWhiteMap.swift; sourceTree = "<group>"; };
		3ED5F1662B7037080083AC0C /* MapThumbnail.swift */ = {isa = PBXFileReference; lastKnownFileType = sourcecode.swift; path = MapThumbnail.swift; sourceTree = "<group>"; };
		3ED5F1692B704C1C0083AC0C /* OpenTripMapAPI.swift */ = {isa = PBXFileReference; lastKnownFileType = sourcecode.swift; path = OpenTripMapAPI.swift; sourceTree = "<group>"; };
		3ED5F16B2B7089CE0083AC0C /* DebugConfiguration.xcconfig */ = {isa = PBXFileReference; lastKnownFileType = text.xcconfig; path = DebugConfiguration.xcconfig; sourceTree = "<group>"; };
		3ED5F16C2B709CB00083AC0C /* CreateItineraryView.swift */ = {isa = PBXFileReference; lastKnownFileType = sourcecode.swift; path = CreateItineraryView.swift; sourceTree = "<group>"; };
		3EEC50CA2B69D033003D3A3E /* sylas-swiftui-Info.plist */ = {isa = PBXFileReference; lastKnownFileType = text.plist; path = "sylas-swiftui-Info.plist"; sourceTree = SOURCE_ROOT; };
/* End PBXFileReference section */

/* Begin PBXFrameworksBuildPhase section */
		3E5CA6D12B689899008AF2FA /* Frameworks */ = {
			isa = PBXFrameworksBuildPhase;
			buildActionMask = 2147483647;
			files = (
				3E4633F52B69EA390021B851 /* FacebookBasics in Frameworks */,
				3EEC50BF2B69AB20003D3A3E /* FirebaseMessaging in Frameworks */,
				3E269EF02B69A2C3004DFF1C /* FirebaseMessaging in Frameworks */,
				3EEC50B92B69AB20003D3A3E /* FirebaseInAppMessagingSwift-Beta in Frameworks */,
				3EEC50972B69AB20003D3A3E /* FirebaseAnalyticsOnDeviceConversion in Frameworks */,
				3E269EE02B69A2C3004DFF1C /* FirebaseFirestoreCombine-Community in Frameworks */,
				3EEC50CD2B69D1B9003D3A3E /* GoogleSignIn in Frameworks */,
				3E269ED82B69A2C3004DFF1C /* FirebaseDatabase in Frameworks */,
				3EEC509D2B69AB20003D3A3E /* FirebaseAppCheck in Frameworks */,
				3EEC50992B69AB20003D3A3E /* FirebaseAnalyticsSwift in Frameworks */,
				3E269EBD2B699F15004DFF1C /* FirebaseAnalyticsSwift in Frameworks */,
				3E269EF82B69A2C3004DFF1C /* FirebaseStorage in Frameworks */,
				3EEC509B2B69AB20003D3A3E /* FirebaseAnalyticsWithoutAdIdSupport in Frameworks */,
				3EEC50C72B69AB20003D3A3E /* FirebaseStorage in Frameworks */,
				3EEC50C92B69AB20003D3A3E /* FirebaseStorageCombine-Community in Frameworks */,
				3E269EB92B699F15004DFF1C /* FirebaseAnalytics in Frameworks */,
				3EEC50A12B69AB20003D3A3E /* FirebaseAuth in Frameworks */,
				3E269EC62B69A2C3004DFF1C /* FirebaseAnalytics in Frameworks */,
				3EEC50A72B69AB20003D3A3E /* FirebaseDatabase in Frameworks */,
				3E269ED62B69A2C3004DFF1C /* FirebaseCrashlytics in Frameworks */,
				3E4633F92B69EA390021B851 /* FacebookLogin in Frameworks */,
				3EEC50BB2B69AB20003D3A3E /* FirebaseInstallations in Frameworks */,
				3E269EDE2B69A2C3004DFF1C /* FirebaseFirestore in Frameworks */,
				3E269EDC2B69A2C3004DFF1C /* FirebaseDynamicLinks in Frameworks */,
				3E269EFA2B69A2C3004DFF1C /* FirebaseStorageCombine-Community in Frameworks */,
				3EEC50CF2B69D1B9003D3A3E /* GoogleSignInSwift in Frameworks */,
				3EEC50A92B69AB20003D3A3E /* FirebaseDatabaseSwift in Frameworks */,
				3EEC50C52B69AB20003D3A3E /* FirebaseRemoteConfigSwift in Frameworks */,
				3E269EC82B69A2C3004DFF1C /* FirebaseAnalyticsOnDeviceConversion in Frameworks */,
				3EEC50C12B69AB20003D3A3E /* FirebasePerformance in Frameworks */,
				3E269EE62B69A2C3004DFF1C /* FirebaseFunctionsCombine-Community in Frameworks */,
				3E269EEA2B69A2C3004DFF1C /* FirebaseInAppMessagingSwift-Beta in Frameworks */,
				3E269EEE2B69A2C3004DFF1C /* FirebaseMLModelDownloader in Frameworks */,
				3E269EE82B69A2C3004DFF1C /* FirebaseInAppMessaging-Beta in Frameworks */,
				3EEC50AD2B69AB20003D3A3E /* FirebaseFirestore in Frameworks */,
				3EEC50AB2B69AB20003D3A3E /* FirebaseDynamicLinks in Frameworks */,
				3EEC50B12B69AB20003D3A3E /* FirebaseFirestoreSwift in Frameworks */,
				3E269EF22B69A2C3004DFF1C /* FirebasePerformance in Frameworks */,
				3EEC50C32B69AB20003D3A3E /* FirebaseRemoteConfig in Frameworks */,
				3EEC50B32B69AB20003D3A3E /* FirebaseFunctions in Frameworks */,
				3EEC50B52B69AB20003D3A3E /* FirebaseFunctionsCombine-Community in Frameworks */,
				3EEC50B72B69AB20003D3A3E /* FirebaseInAppMessaging-Beta in Frameworks */,
				3EEC50952B69AB20003D3A3E /* FirebaseAnalytics in Frameworks */,
				3E269ED42B69A2C3004DFF1C /* FirebaseAuthCombine-Community in Frameworks */,
				3E4633F32B69EA390021B851 /* FacebookAEM in Frameworks */,
				3E269ECA2B69A2C3004DFF1C /* FirebaseAnalyticsSwift in Frameworks */,
				3E269EDA2B69A2C3004DFF1C /* FirebaseDatabaseSwift in Frameworks */,
				3E269EBB2B699F15004DFF1C /* FirebaseAnalyticsOnDeviceConversion in Frameworks */,
				3E4633F72B69EA390021B851 /* FacebookCore in Frameworks */,
				3E269EF42B69A2C3004DFF1C /* FirebaseRemoteConfig in Frameworks */,
				3E269EC12B699F15004DFF1C /* FirebaseAppCheck in Frameworks */,
				3E269ED22B69A2C3004DFF1C /* FirebaseAuth in Frameworks */,
				3E269EE42B69A2C3004DFF1C /* FirebaseFunctions in Frameworks */,
				3EEC50A52B69AB20003D3A3E /* FirebaseCrashlytics in Frameworks */,
				3E269EEC2B69A2C3004DFF1C /* FirebaseInstallations in Frameworks */,
				3EEC50AF2B69AB20003D3A3E /* FirebaseFirestoreCombine-Community in Frameworks */,
				3EEC509F2B69AB20003D3A3E /* FirebaseAppDistribution-Beta in Frameworks */,
				3E269EE22B69A2C3004DFF1C /* FirebaseFirestoreSwift in Frameworks */,
				3EEC50BD2B69AB20003D3A3E /* FirebaseMLModelDownloader in Frameworks */,
				3E269ECC2B69A2C3004DFF1C /* FirebaseAnalyticsWithoutAdIdSupport in Frameworks */,
				3E269ECE2B69A2C3004DFF1C /* FirebaseAppCheck in Frameworks */,
				3E269EF62B69A2C3004DFF1C /* FirebaseRemoteConfigSwift in Frameworks */,
				3E269ED02B69A2C3004DFF1C /* FirebaseAppDistribution-Beta in Frameworks */,
				3E269EBF2B699F15004DFF1C /* FirebaseAnalyticsWithoutAdIdSupport in Frameworks */,
				3EEC50A32B69AB20003D3A3E /* FirebaseAuthCombine-Community in Frameworks */,
			);
			runOnlyForDeploymentPostprocessing = 0;
		};
/* End PBXFrameworksBuildPhase section */

/* Begin PBXGroup section */
		3E269EC22B69A14A004DFF1C /* authentication */ = {
			isa = PBXGroup;
			children = (
				3E269EC32B69A15D004DFF1C /* authenticator.swift */,
			);
			path = authentication;
			sourceTree = "<group>";
		};
		3E5CA6CB2B689899008AF2FA = {
			isa = PBXGroup;
			children = (
				3ED5F16B2B7089CE0083AC0C /* DebugConfiguration.xcconfig */,
				3E5CA6D62B689899008AF2FA /* sylas_swiftui */,
				3E5CA6D52B689899008AF2FA /* Products */,
			);
			sourceTree = "<group>";
		};
		3E5CA6D52B689899008AF2FA /* Products */ = {
			isa = PBXGroup;
			children = (
				3E5CA6D42B689899008AF2FA /* sylas_swiftui.app */,
			);
			name = Products;
			sourceTree = "<group>";
		};
		3E5CA6D62B689899008AF2FA /* sylas_swiftui */ = {
			isa = PBXGroup;
			children = (
				3ED5F1682B704BFF0083AC0C /* apis */,
				3ED5F1612B6F0B110083AC0C /* views */,
				3ECEB6F02B6B62C100A1C5F4 /* models */,
				3ECEB6EB2B6B124A00A1C5F4 /* components */,
				3EEC50CA2B69D033003D3A3E /* sylas-swiftui-Info.plist */,
				3E269EC22B69A14A004DFF1C /* authentication */,
				3E5CA6D72B689899008AF2FA /* sylas_swiftuiApp.swift */,
				3E5CA6DB2B68989A008AF2FA /* Assets.xcassets */,
				3E269EB52B699EB1004DFF1C /* GoogleService-Info.plist */,
				3E5CA6DD2B68989A008AF2FA /* Preview Content */,
				3E26574B2B69FD7300599D76 /* CustomNavBar.swift */,
			);
			path = sylas_swiftui;
			sourceTree = "<group>";
		};
		3E5CA6DD2B68989A008AF2FA /* Preview Content */ = {
			isa = PBXGroup;
			children = (
				3E5CA6DE2B68989A008AF2FA /* Preview Assets.xcassets */,
			);
			path = "Preview Content";
			sourceTree = "<group>";
		};
		3ECEB6EB2B6B124A00A1C5F4 /* components */ = {
			isa = PBXGroup;
			children = (
				3E26574F2B6A08D900599D76 /* DestinationCard.swift */,
				3ED5F1662B7037080083AC0C /* MapThumbnail.swift */,
			);
			path = components;
			sourceTree = "<group>";
		};
		3ECEB6F02B6B62C100A1C5F4 /* models */ = {
			isa = PBXGroup;
			children = (
				3ECEB6F32B6B62F400A1C5F4 /* Region.swift */,
				3ECEB6F52B6B634900A1C5F4 /* Itinerary.swift */,
				3ECEB6F72B6B63C800A1C5F4 /* SylasUser.swift */,
			);
			path = models;
			sourceTree = "<group>";
		};
		3ED5F1612B6F0B110083AC0C /* views */ = {
			isa = PBXGroup;
			children = (
				3ED5F15D2B6E90220083AC0C /* RootView.swift */,
				3E5CA6D92B689899008AF2FA /* UnauthenticatedHomeView.swift */,
				3E72E1F02B6955CB004136BB /* SignUpView.swift */,
				3ECEB6EC2B6B12A500A1C5F4 /* ItineraryView.swift */,
				3E26574D2B6A019400599D76 /* LoggedInHomeView.swift */,
				3ED5F1622B6F1A4E0083AC0C /* ItineraryMapView.swift */,
				3ED5F1642B6F1D6B0083AC0C /* BlackAndWhiteMap.swift */,
				3ED5F16C2B709CB00083AC0C /* CreateItineraryView.swift */,
			);
			path = views;
			sourceTree = "<group>";
		};
		3ED5F1682B704BFF0083AC0C /* apis */ = {
			isa = PBXGroup;
			children = (
				3ED5F1692B704C1C0083AC0C /* OpenTripMapAPI.swift */,
			);
			path = apis;
			sourceTree = "<group>";
		};
/* End PBXGroup section */

/* Begin PBXNativeTarget section */
		3E5CA6D32B689899008AF2FA /* sylas_swiftui */ = {
			isa = PBXNativeTarget;
			buildConfigurationList = 3E5CA6E22B68989A008AF2FA /* Build configuration list for PBXNativeTarget "sylas_swiftui" */;
			buildPhases = (
				3E5CA6D02B689899008AF2FA /* Sources */,
				3E5CA6D12B689899008AF2FA /* Frameworks */,
				3E5CA6D22B689899008AF2FA /* Resources */,
			);
			buildRules = (
			);
			dependencies = (
			);
			name = sylas_swiftui;
			packageProductDependencies = (
				3E269EB82B699F15004DFF1C /* FirebaseAnalytics */,
				3E269EBA2B699F15004DFF1C /* FirebaseAnalyticsOnDeviceConversion */,
				3E269EBC2B699F15004DFF1C /* FirebaseAnalyticsSwift */,
				3E269EBE2B699F15004DFF1C /* FirebaseAnalyticsWithoutAdIdSupport */,
				3E269EC02B699F15004DFF1C /* FirebaseAppCheck */,
				3E269EC52B69A2C3004DFF1C /* FirebaseAnalytics */,
				3E269EC72B69A2C3004DFF1C /* FirebaseAnalyticsOnDeviceConversion */,
				3E269EC92B69A2C3004DFF1C /* FirebaseAnalyticsSwift */,
				3E269ECB2B69A2C3004DFF1C /* FirebaseAnalyticsWithoutAdIdSupport */,
				3E269ECD2B69A2C3004DFF1C /* FirebaseAppCheck */,
				3E269ECF2B69A2C3004DFF1C /* FirebaseAppDistribution-Beta */,
				3E269ED12B69A2C3004DFF1C /* FirebaseAuth */,
				3E269ED32B69A2C3004DFF1C /* FirebaseAuthCombine-Community */,
				3E269ED52B69A2C3004DFF1C /* FirebaseCrashlytics */,
				3E269ED72B69A2C3004DFF1C /* FirebaseDatabase */,
				3E269ED92B69A2C3004DFF1C /* FirebaseDatabaseSwift */,
				3E269EDB2B69A2C3004DFF1C /* FirebaseDynamicLinks */,
				3E269EDD2B69A2C3004DFF1C /* FirebaseFirestore */,
				3E269EDF2B69A2C3004DFF1C /* FirebaseFirestoreCombine-Community */,
				3E269EE12B69A2C3004DFF1C /* FirebaseFirestoreSwift */,
				3E269EE32B69A2C3004DFF1C /* FirebaseFunctions */,
				3E269EE52B69A2C3004DFF1C /* FirebaseFunctionsCombine-Community */,
				3E269EE72B69A2C3004DFF1C /* FirebaseInAppMessaging-Beta */,
				3E269EE92B69A2C3004DFF1C /* FirebaseInAppMessagingSwift-Beta */,
				3E269EEB2B69A2C3004DFF1C /* FirebaseInstallations */,
				3E269EED2B69A2C3004DFF1C /* FirebaseMLModelDownloader */,
				3E269EEF2B69A2C3004DFF1C /* FirebaseMessaging */,
				3E269EF12B69A2C3004DFF1C /* FirebasePerformance */,
				3E269EF32B69A2C3004DFF1C /* FirebaseRemoteConfig */,
				3E269EF52B69A2C3004DFF1C /* FirebaseRemoteConfigSwift */,
				3E269EF72B69A2C3004DFF1C /* FirebaseStorage */,
				3E269EF92B69A2C3004DFF1C /* FirebaseStorageCombine-Community */,
				3EEC50942B69AB20003D3A3E /* FirebaseAnalytics */,
				3EEC50962B69AB20003D3A3E /* FirebaseAnalyticsOnDeviceConversion */,
				3EEC50982B69AB20003D3A3E /* FirebaseAnalyticsSwift */,
				3EEC509A2B69AB20003D3A3E /* FirebaseAnalyticsWithoutAdIdSupport */,
				3EEC509C2B69AB20003D3A3E /* FirebaseAppCheck */,
				3EEC509E2B69AB20003D3A3E /* FirebaseAppDistribution-Beta */,
				3EEC50A02B69AB20003D3A3E /* FirebaseAuth */,
				3EEC50A22B69AB20003D3A3E /* FirebaseAuthCombine-Community */,
				3EEC50A42B69AB20003D3A3E /* FirebaseCrashlytics */,
				3EEC50A62B69AB20003D3A3E /* FirebaseDatabase */,
				3EEC50A82B69AB20003D3A3E /* FirebaseDatabaseSwift */,
				3EEC50AA2B69AB20003D3A3E /* FirebaseDynamicLinks */,
				3EEC50AC2B69AB20003D3A3E /* FirebaseFirestore */,
				3EEC50AE2B69AB20003D3A3E /* FirebaseFirestoreCombine-Community */,
				3EEC50B02B69AB20003D3A3E /* FirebaseFirestoreSwift */,
				3EEC50B22B69AB20003D3A3E /* FirebaseFunctions */,
				3EEC50B42B69AB20003D3A3E /* FirebaseFunctionsCombine-Community */,
				3EEC50B62B69AB20003D3A3E /* FirebaseInAppMessaging-Beta */,
				3EEC50B82B69AB20003D3A3E /* FirebaseInAppMessagingSwift-Beta */,
				3EEC50BA2B69AB20003D3A3E /* FirebaseInstallations */,
				3EEC50BC2B69AB20003D3A3E /* FirebaseMLModelDownloader */,
				3EEC50BE2B69AB20003D3A3E /* FirebaseMessaging */,
				3EEC50C02B69AB20003D3A3E /* FirebasePerformance */,
				3EEC50C22B69AB20003D3A3E /* FirebaseRemoteConfig */,
				3EEC50C42B69AB20003D3A3E /* FirebaseRemoteConfigSwift */,
				3EEC50C62B69AB20003D3A3E /* FirebaseStorage */,
				3EEC50C82B69AB20003D3A3E /* FirebaseStorageCombine-Community */,
				3EEC50CC2B69D1B9003D3A3E /* GoogleSignIn */,
				3EEC50CE2B69D1B9003D3A3E /* GoogleSignInSwift */,
				3E4633F22B69EA390021B851 /* FacebookAEM */,
				3E4633F42B69EA390021B851 /* FacebookBasics */,
				3E4633F62B69EA390021B851 /* FacebookCore */,
				3E4633F82B69EA390021B851 /* FacebookLogin */,
			);
			productName = sylas_swiftui;
			productReference = 3E5CA6D42B689899008AF2FA /* sylas_swiftui.app */;
			productType = "com.apple.product-type.application";
		};
/* End PBXNativeTarget section */

/* Begin PBXProject section */
		3E5CA6CC2B689899008AF2FA /* Project object */ = {
			isa = PBXProject;
			attributes = {
				BuildIndependentTargetsInParallel = 1;
				LastSwiftUpdateCheck = 1510;
				LastUpgradeCheck = 1510;
				TargetAttributes = {
					3E5CA6D32B689899008AF2FA = {
						CreatedOnToolsVersion = 15.1;
					};
				};
			};
			buildConfigurationList = 3E5CA6CF2B689899008AF2FA /* Build configuration list for PBXProject "sylas_swiftui" */;
			compatibilityVersion = "Xcode 14.0";
			developmentRegion = en;
			hasScannedForEncodings = 0;
			knownRegions = (
				en,
				Base,
			);
			mainGroup = 3E5CA6CB2B689899008AF2FA;
			packageReferences = (
				3E269EB72B699F15004DFF1C /* XCRemoteSwiftPackageReference "firebase-ios-sdk" */,
				3EEC50CB2B69D1B9003D3A3E /* XCRemoteSwiftPackageReference "GoogleSignIn-iOS" */,
				3E4633F12B69EA390021B851 /* XCRemoteSwiftPackageReference "facebook-ios-sdk" */,
			);
			productRefGroup = 3E5CA6D52B689899008AF2FA /* Products */;
			projectDirPath = "";
			projectRoot = "";
			targets = (
				3E5CA6D32B689899008AF2FA /* sylas_swiftui */,
			);
		};
/* End PBXProject section */

/* Begin PBXResourcesBuildPhase section */
		3E5CA6D22B689899008AF2FA /* Resources */ = {
			isa = PBXResourcesBuildPhase;
			buildActionMask = 2147483647;
			files = (
				3E5CA6DF2B68989A008AF2FA /* Preview Assets.xcassets in Resources */,
				3E5CA6DC2B68989A008AF2FA /* Assets.xcassets in Resources */,
				3E269EB62B699EB1004DFF1C /* GoogleService-Info.plist in Resources */,
			);
			runOnlyForDeploymentPostprocessing = 0;
		};
/* End PBXResourcesBuildPhase section */

/* Begin PBXSourcesBuildPhase section */
		3E5CA6D02B689899008AF2FA /* Sources */ = {
			isa = PBXSourcesBuildPhase;
			buildActionMask = 2147483647;
			files = (
				3ECEB6F82B6B63C800A1C5F4 /* SylasUser.swift in Sources */,
				3ED5F16D2B709CB00083AC0C /* CreateItineraryView.swift in Sources */,
				3ED5F1632B6F1A4E0083AC0C /* ItineraryMapView.swift in Sources */,
				3ECEB6ED2B6B12A500A1C5F4 /* ItineraryView.swift in Sources */,
				3E5CA6DA2B689899008AF2FA /* UnauthenticatedHomeView.swift in Sources */,
				3E269EC42B69A15D004DFF1C /* authenticator.swift in Sources */,
				3E72E1F12B6955CB004136BB /* SignUpView.swift in Sources */,
				3ED5F1652B6F1D6B0083AC0C /* BlackAndWhiteMap.swift in Sources */,
				3ECEB6F42B6B62F400A1C5F4 /* Region.swift in Sources */,
				3ED5F16A2B704C1C0083AC0C /* OpenTripMapAPI.swift in Sources */,
				3ED5F1672B7037080083AC0C /* MapThumbnail.swift in Sources */,
				3E5CA6D82B689899008AF2FA /* sylas_swiftuiApp.swift in Sources */,
				3E26574E2B6A019400599D76 /* LoggedInHomeView.swift in Sources */,
				3ED5F15E2B6E90220083AC0C /* RootView.swift in Sources */,
				3E26574C2B69FD7300599D76 /* CustomNavBar.swift in Sources */,
				3E2657502B6A08D900599D76 /* DestinationCard.swift in Sources */,
				3ECEB6F62B6B634900A1C5F4 /* Itinerary.swift in Sources */,
			);
			runOnlyForDeploymentPostprocessing = 0;
		};
/* End PBXSourcesBuildPhase section */

/* Begin XCBuildConfiguration section */
		3E5CA6E02B68989A008AF2FA /* Debug */ = {
			isa = XCBuildConfiguration;
			baseConfigurationReference = 3ED5F16B2B7089CE0083AC0C /* DebugConfiguration.xcconfig */;
			buildSettings = {
				ALWAYS_SEARCH_USER_PATHS = NO;
				ASSETCATALOG_COMPILER_GENERATE_SWIFT_ASSET_SYMBOL_EXTENSIONS = YES;
				CLANG_ANALYZER_NONNULL = YES;
				CLANG_ANALYZER_NUMBER_OBJECT_CONVERSION = YES_AGGRESSIVE;
				CLANG_CXX_LANGUAGE_STANDARD = "gnu++20";
				CLANG_ENABLE_MODULES = YES;
				CLANG_ENABLE_OBJC_ARC = YES;
				CLANG_ENABLE_OBJC_WEAK = YES;
				CLANG_WARN_BLOCK_CAPTURE_AUTORELEASING = YES;
				CLANG_WARN_BOOL_CONVERSION = YES;
				CLANG_WARN_COMMA = YES;
				CLANG_WARN_CONSTANT_CONVERSION = YES;
				CLANG_WARN_DEPRECATED_OBJC_IMPLEMENTATIONS = YES;
				CLANG_WARN_DIRECT_OBJC_ISA_USAGE = YES_ERROR;
				CLANG_WARN_DOCUMENTATION_COMMENTS = YES;
				CLANG_WARN_EMPTY_BODY = YES;
				CLANG_WARN_ENUM_CONVERSION = YES;
				CLANG_WARN_INFINITE_RECURSION = YES;
				CLANG_WARN_INT_CONVERSION = YES;
				CLANG_WARN_NON_LITERAL_NULL_CONVERSION = YES;
				CLANG_WARN_OBJC_IMPLICIT_RETAIN_SELF = YES;
				CLANG_WARN_OBJC_LITERAL_CONVERSION = YES;
				CLANG_WARN_OBJC_ROOT_CLASS = YES_ERROR;
				CLANG_WARN_QUOTED_INCLUDE_IN_FRAMEWORK_HEADER = YES;
				CLANG_WARN_RANGE_LOOP_ANALYSIS = YES;
				CLANG_WARN_STRICT_PROTOTYPES = YES;
				CLANG_WARN_SUSPICIOUS_MOVE = YES;
				CLANG_WARN_UNGUARDED_AVAILABILITY = YES_AGGRESSIVE;
				CLANG_WARN_UNREACHABLE_CODE = YES;
				CLANG_WARN__DUPLICATE_METHOD_MATCH = YES;
				COPY_PHASE_STRIP = NO;
				DEBUG_INFORMATION_FORMAT = dwarf;
				ENABLE_STRICT_OBJC_MSGSEND = YES;
				ENABLE_TESTABILITY = YES;
				ENABLE_USER_SCRIPT_SANDBOXING = YES;
				GCC_C_LANGUAGE_STANDARD = gnu17;
				GCC_DYNAMIC_NO_PIC = NO;
				GCC_NO_COMMON_BLOCKS = YES;
				GCC_OPTIMIZATION_LEVEL = 0;
				GCC_PREPROCESSOR_DEFINITIONS = (
					"DEBUG=1",
					"$(inherited)",
				);
				GCC_WARN_64_TO_32_BIT_CONVERSION = YES;
				GCC_WARN_ABOUT_RETURN_TYPE = YES_ERROR;
				GCC_WARN_UNDECLARED_SELECTOR = YES;
				GCC_WARN_UNINITIALIZED_AUTOS = YES_AGGRESSIVE;
				GCC_WARN_UNUSED_FUNCTION = YES;
				GCC_WARN_UNUSED_VARIABLE = YES;
				IPHONEOS_DEPLOYMENT_TARGET = 17.2;
				LOCALIZATION_PREFERS_STRING_CATALOGS = YES;
				MTL_ENABLE_DEBUG_INFO = INCLUDE_SOURCE;
				MTL_FAST_MATH = YES;
				ONLY_ACTIVE_ARCH = YES;
				OTHER_LDFLAGS = "-ObjC";
				SDKROOT = iphoneos;
				SWIFT_ACTIVE_COMPILATION_CONDITIONS = "DEBUG $(inherited)";
				SWIFT_OPTIMIZATION_LEVEL = "-Onone";
			};
			name = Debug;
		};
		3E5CA6E12B68989A008AF2FA /* Release */ = {
			isa = XCBuildConfiguration;
			buildSettings = {
				ALWAYS_SEARCH_USER_PATHS = NO;
				ASSETCATALOG_COMPILER_GENERATE_SWIFT_ASSET_SYMBOL_EXTENSIONS = YES;
				CLANG_ANALYZER_NONNULL = YES;
				CLANG_ANALYZER_NUMBER_OBJECT_CONVERSION = YES_AGGRESSIVE;
				CLANG_CXX_LANGUAGE_STANDARD = "gnu++20";
				CLANG_ENABLE_MODULES = YES;
				CLANG_ENABLE_OBJC_ARC = YES;
				CLANG_ENABLE_OBJC_WEAK = YES;
				CLANG_WARN_BLOCK_CAPTURE_AUTORELEASING = YES;
				CLANG_WARN_BOOL_CONVERSION = YES;
				CLANG_WARN_COMMA = YES;
				CLANG_WARN_CONSTANT_CONVERSION = YES;
				CLANG_WARN_DEPRECATED_OBJC_IMPLEMENTATIONS = YES;
				CLANG_WARN_DIRECT_OBJC_ISA_USAGE = YES_ERROR;
				CLANG_WARN_DOCUMENTATION_COMMENTS = YES;
				CLANG_WARN_EMPTY_BODY = YES;
				CLANG_WARN_ENUM_CONVERSION = YES;
				CLANG_WARN_INFINITE_RECURSION = YES;
				CLANG_WARN_INT_CONVERSION = YES;
				CLANG_WARN_NON_LITERAL_NULL_CONVERSION = YES;
				CLANG_WARN_OBJC_IMPLICIT_RETAIN_SELF = YES;
				CLANG_WARN_OBJC_LITERAL_CONVERSION = YES;
				CLANG_WARN_OBJC_ROOT_CLASS = YES_ERROR;
				CLANG_WARN_QUOTED_INCLUDE_IN_FRAMEWORK_HEADER = YES;
				CLANG_WARN_RANGE_LOOP_ANALYSIS = YES;
				CLANG_WARN_STRICT_PROTOTYPES = YES;
				CLANG_WARN_SUSPICIOUS_MOVE = YES;
				CLANG_WARN_UNGUARDED_AVAILABILITY = YES_AGGRESSIVE;
				CLANG_WARN_UNREACHABLE_CODE = YES;
				CLANG_WARN__DUPLICATE_METHOD_MATCH = YES;
				COPY_PHASE_STRIP = NO;
				DEBUG_INFORMATION_FORMAT = "dwarf-with-dsym";
				ENABLE_NS_ASSERTIONS = NO;
				ENABLE_STRICT_OBJC_MSGSEND = YES;
				ENABLE_USER_SCRIPT_SANDBOXING = YES;
				GCC_C_LANGUAGE_STANDARD = gnu17;
				GCC_NO_COMMON_BLOCKS = YES;
				GCC_WARN_64_TO_32_BIT_CONVERSION = YES;
				GCC_WARN_ABOUT_RETURN_TYPE = YES_ERROR;
				GCC_WARN_UNDECLARED_SELECTOR = YES;
				GCC_WARN_UNINITIALIZED_AUTOS = YES_AGGRESSIVE;
				GCC_WARN_UNUSED_FUNCTION = YES;
				GCC_WARN_UNUSED_VARIABLE = YES;
				IPHONEOS_DEPLOYMENT_TARGET = 17.2;
				LOCALIZATION_PREFERS_STRING_CATALOGS = YES;
				MTL_ENABLE_DEBUG_INFO = NO;
				MTL_FAST_MATH = YES;
				OTHER_LDFLAGS = "-ObjC";
				SDKROOT = iphoneos;
				SWIFT_COMPILATION_MODE = wholemodule;
				VALIDATE_PRODUCT = YES;
			};
			name = Release;
		};
		3E5CA6E32B68989A008AF2FA /* Debug */ = {
			isa = XCBuildConfiguration;
			baseConfigurationReference = 3ED5F16B2B7089CE0083AC0C /* DebugConfiguration.xcconfig */;
			buildSettings = {
				ASSETCATALOG_COMPILER_APPICON_NAME = AppIcon;
				ASSETCATALOG_COMPILER_GLOBAL_ACCENT_COLOR_NAME = AccentColor;
				CODE_SIGN_STYLE = Automatic;
				CURRENT_PROJECT_VERSION = 1;
				DEVELOPMENT_ASSET_PATHS = "\"sylas_swiftui/Preview Content\"";
				DEVELOPMENT_TEAM = 3G983V4K7Y;
				ENABLE_PREVIEWS = YES;
				GENERATE_INFOPLIST_FILE = YES;
				INFOPLIST_FILE = "sylas-swiftui-Info.plist";
				INFOPLIST_KEY_CFBundleDisplayName = "";
				INFOPLIST_KEY_LSApplicationCategoryType = "public.app-category.travel";
				INFOPLIST_KEY_UIApplicationSceneManifest_Generation = YES;
				INFOPLIST_KEY_UIApplicationSupportsIndirectInputEvents = YES;
				INFOPLIST_KEY_UILaunchScreen_Generation = YES;
				INFOPLIST_KEY_UISupportedInterfaceOrientations = UIInterfaceOrientationPortrait;
				LD_RUNPATH_SEARCH_PATHS = (
					"$(inherited)",
					"@executable_path/Frameworks",
				);
				MARKETING_VERSION = 1.0;
				PRODUCT_BUNDLE_IDENTIFIER = "com.bistro.sylas-swiftui";
				PRODUCT_NAME = "$(TARGET_NAME)";
				SUPPORTED_PLATFORMS = "iphoneos iphonesimulator";
				SUPPORTS_MACCATALYST = NO;
				SUPPORTS_MAC_DESIGNED_FOR_IPHONE_IPAD = NO;
				SWIFT_EMIT_LOC_STRINGS = YES;
				SWIFT_VERSION = 5.0;
				TARGETED_DEVICE_FAMILY = "1,2";
			};
			name = Debug;
		};
		3E5CA6E42B68989A008AF2FA /* Release */ = {
			isa = XCBuildConfiguration;
			buildSettings = {
				ASSETCATALOG_COMPILER_APPICON_NAME = AppIcon;
				ASSETCATALOG_COMPILER_GLOBAL_ACCENT_COLOR_NAME = AccentColor;
				CODE_SIGN_STYLE = Automatic;
				CURRENT_PROJECT_VERSION = 1;
				DEVELOPMENT_ASSET_PATHS = "\"sylas_swiftui/Preview Content\"";
				DEVELOPMENT_TEAM = 3G983V4K7Y;
				ENABLE_PREVIEWS = YES;
				GENERATE_INFOPLIST_FILE = YES;
				INFOPLIST_FILE = "sylas-swiftui-Info.plist";
				INFOPLIST_KEY_CFBundleDisplayName = "";
				INFOPLIST_KEY_LSApplicationCategoryType = "public.app-category.travel";
				INFOPLIST_KEY_UIApplicationSceneManifest_Generation = YES;
				INFOPLIST_KEY_UIApplicationSupportsIndirectInputEvents = YES;
				INFOPLIST_KEY_UILaunchScreen_Generation = YES;
				INFOPLIST_KEY_UISupportedInterfaceOrientations = UIInterfaceOrientationPortrait;
				LD_RUNPATH_SEARCH_PATHS = (
					"$(inherited)",
					"@executable_path/Frameworks",
				);
				MARKETING_VERSION = 1.0;
				PRODUCT_BUNDLE_IDENTIFIER = "com.bistro.sylas-swiftui";
				PRODUCT_NAME = "$(TARGET_NAME)";
				SUPPORTED_PLATFORMS = "iphoneos iphonesimulator";
				SUPPORTS_MACCATALYST = NO;
				SUPPORTS_MAC_DESIGNED_FOR_IPHONE_IPAD = NO;
				SWIFT_EMIT_LOC_STRINGS = YES;
				SWIFT_VERSION = 5.0;
				TARGETED_DEVICE_FAMILY = "1,2";
			};
			name = Release;
		};
/* End XCBuildConfiguration section */

/* Begin XCConfigurationList section */
		3E5CA6CF2B689899008AF2FA /* Build configuration list for PBXProject "sylas_swiftui" */ = {
			isa = XCConfigurationList;
			buildConfigurations = (
				3E5CA6E02B68989A008AF2FA /* Debug */,
				3E5CA6E12B68989A008AF2FA /* Release */,
			);
			defaultConfigurationIsVisible = 0;
			defaultConfigurationName = Release;
		};
		3E5CA6E22B68989A008AF2FA /* Build configuration list for PBXNativeTarget "sylas_swiftui" */ = {
			isa = XCConfigurationList;
			buildConfigurations = (
				3E5CA6E32B68989A008AF2FA /* Debug */,
				3E5CA6E42B68989A008AF2FA /* Release */,
			);
			defaultConfigurationIsVisible = 0;
			defaultConfigurationName = Release;
		};
/* End XCConfigurationList section */

/* Begin XCRemoteSwiftPackageReference section */
		3E269EB72B699F15004DFF1C /* XCRemoteSwiftPackageReference "firebase-ios-sdk" */ = {
			isa = XCRemoteSwiftPackageReference;
			repositoryURL = "https://github.com/firebase/firebase-ios-sdk";
			requirement = {
				kind = upToNextMajorVersion;
				minimumVersion = 10.20.0;
			};
		};
		3E4633F12B69EA390021B851 /* XCRemoteSwiftPackageReference "facebook-ios-sdk" */ = {
			isa = XCRemoteSwiftPackageReference;
			repositoryURL = "https://github.com/facebook/facebook-ios-sdk";
			requirement = {
				kind = upToNextMajorVersion;
				minimumVersion = 14.1.0;
			};
		};
		3EEC50CB2B69D1B9003D3A3E /* XCRemoteSwiftPackageReference "GoogleSignIn-iOS" */ = {
			isa = XCRemoteSwiftPackageReference;
			repositoryURL = "https://github.com/google/GoogleSignIn-iOS";
			requirement = {
				kind = upToNextMajorVersion;
				minimumVersion = 7.0.0;
			};
		};
/* End XCRemoteSwiftPackageReference section */

/* Begin XCSwiftPackageProductDependency section */
		3E269EB82B699F15004DFF1C /* FirebaseAnalytics */ = {
			isa = XCSwiftPackageProductDependency;
			package = 3E269EB72B699F15004DFF1C /* XCRemoteSwiftPackageReference "firebase-ios-sdk" */;
			productName = FirebaseAnalytics;
		};
		3E269EBA2B699F15004DFF1C /* FirebaseAnalyticsOnDeviceConversion */ = {
			isa = XCSwiftPackageProductDependency;
			package = 3E269EB72B699F15004DFF1C /* XCRemoteSwiftPackageReference "firebase-ios-sdk" */;
			productName = FirebaseAnalyticsOnDeviceConversion;
		};
		3E269EBC2B699F15004DFF1C /* FirebaseAnalyticsSwift */ = {
			isa = XCSwiftPackageProductDependency;
			package = 3E269EB72B699F15004DFF1C /* XCRemoteSwiftPackageReference "firebase-ios-sdk" */;
			productName = FirebaseAnalyticsSwift;
		};
		3E269EBE2B699F15004DFF1C /* FirebaseAnalyticsWithoutAdIdSupport */ = {
			isa = XCSwiftPackageProductDependency;
			package = 3E269EB72B699F15004DFF1C /* XCRemoteSwiftPackageReference "firebase-ios-sdk" */;
			productName = FirebaseAnalyticsWithoutAdIdSupport;
		};
		3E269EC02B699F15004DFF1C /* FirebaseAppCheck */ = {
			isa = XCSwiftPackageProductDependency;
			package = 3E269EB72B699F15004DFF1C /* XCRemoteSwiftPackageReference "firebase-ios-sdk" */;
			productName = FirebaseAppCheck;
		};
		3E269EC52B69A2C3004DFF1C /* FirebaseAnalytics */ = {
			isa = XCSwiftPackageProductDependency;
			package = 3E269EB72B699F15004DFF1C /* XCRemoteSwiftPackageReference "firebase-ios-sdk" */;
			productName = FirebaseAnalytics;
		};
		3E269EC72B69A2C3004DFF1C /* FirebaseAnalyticsOnDeviceConversion */ = {
			isa = XCSwiftPackageProductDependency;
			package = 3E269EB72B699F15004DFF1C /* XCRemoteSwiftPackageReference "firebase-ios-sdk" */;
			productName = FirebaseAnalyticsOnDeviceConversion;
		};
		3E269EC92B69A2C3004DFF1C /* FirebaseAnalyticsSwift */ = {
			isa = XCSwiftPackageProductDependency;
			package = 3E269EB72B699F15004DFF1C /* XCRemoteSwiftPackageReference "firebase-ios-sdk" */;
			productName = FirebaseAnalyticsSwift;
		};
		3E269ECB2B69A2C3004DFF1C /* FirebaseAnalyticsWithoutAdIdSupport */ = {
			isa = XCSwiftPackageProductDependency;
			package = 3E269EB72B699F15004DFF1C /* XCRemoteSwiftPackageReference "firebase-ios-sdk" */;
			productName = FirebaseAnalyticsWithoutAdIdSupport;
		};
		3E269ECD2B69A2C3004DFF1C /* FirebaseAppCheck */ = {
			isa = XCSwiftPackageProductDependency;
			package = 3E269EB72B699F15004DFF1C /* XCRemoteSwiftPackageReference "firebase-ios-sdk" */;
			productName = FirebaseAppCheck;
		};
		3E269ECF2B69A2C3004DFF1C /* FirebaseAppDistribution-Beta */ = {
			isa = XCSwiftPackageProductDependency;
			package = 3E269EB72B699F15004DFF1C /* XCRemoteSwiftPackageReference "firebase-ios-sdk" */;
			productName = "FirebaseAppDistribution-Beta";
		};
		3E269ED12B69A2C3004DFF1C /* FirebaseAuth */ = {
			isa = XCSwiftPackageProductDependency;
			package = 3E269EB72B699F15004DFF1C /* XCRemoteSwiftPackageReference "firebase-ios-sdk" */;
			productName = FirebaseAuth;
		};
		3E269ED32B69A2C3004DFF1C /* FirebaseAuthCombine-Community */ = {
			isa = XCSwiftPackageProductDependency;
			package = 3E269EB72B699F15004DFF1C /* XCRemoteSwiftPackageReference "firebase-ios-sdk" */;
			productName = "FirebaseAuthCombine-Community";
		};
		3E269ED52B69A2C3004DFF1C /* FirebaseCrashlytics */ = {
			isa = XCSwiftPackageProductDependency;
			package = 3E269EB72B699F15004DFF1C /* XCRemoteSwiftPackageReference "firebase-ios-sdk" */;
			productName = FirebaseCrashlytics;
		};
		3E269ED72B69A2C3004DFF1C /* FirebaseDatabase */ = {
			isa = XCSwiftPackageProductDependency;
			package = 3E269EB72B699F15004DFF1C /* XCRemoteSwiftPackageReference "firebase-ios-sdk" */;
			productName = FirebaseDatabase;
		};
		3E269ED92B69A2C3004DFF1C /* FirebaseDatabaseSwift */ = {
			isa = XCSwiftPackageProductDependency;
			package = 3E269EB72B699F15004DFF1C /* XCRemoteSwiftPackageReference "firebase-ios-sdk" */;
			productName = FirebaseDatabaseSwift;
		};
		3E269EDB2B69A2C3004DFF1C /* FirebaseDynamicLinks */ = {
			isa = XCSwiftPackageProductDependency;
			package = 3E269EB72B699F15004DFF1C /* XCRemoteSwiftPackageReference "firebase-ios-sdk" */;
			productName = FirebaseDynamicLinks;
		};
		3E269EDD2B69A2C3004DFF1C /* FirebaseFirestore */ = {
			isa = XCSwiftPackageProductDependency;
			package = 3E269EB72B699F15004DFF1C /* XCRemoteSwiftPackageReference "firebase-ios-sdk" */;
			productName = FirebaseFirestore;
		};
		3E269EDF2B69A2C3004DFF1C /* FirebaseFirestoreCombine-Community */ = {
			isa = XCSwiftPackageProductDependency;
			package = 3E269EB72B699F15004DFF1C /* XCRemoteSwiftPackageReference "firebase-ios-sdk" */;
			productName = "FirebaseFirestoreCombine-Community";
		};
		3E269EE12B69A2C3004DFF1C /* FirebaseFirestoreSwift */ = {
			isa = XCSwiftPackageProductDependency;
			package = 3E269EB72B699F15004DFF1C /* XCRemoteSwiftPackageReference "firebase-ios-sdk" */;
			productName = FirebaseFirestoreSwift;
		};
		3E269EE32B69A2C3004DFF1C /* FirebaseFunctions */ = {
			isa = XCSwiftPackageProductDependency;
			package = 3E269EB72B699F15004DFF1C /* XCRemoteSwiftPackageReference "firebase-ios-sdk" */;
			productName = FirebaseFunctions;
		};
		3E269EE52B69A2C3004DFF1C /* FirebaseFunctionsCombine-Community */ = {
			isa = XCSwiftPackageProductDependency;
			package = 3E269EB72B699F15004DFF1C /* XCRemoteSwiftPackageReference "firebase-ios-sdk" */;
			productName = "FirebaseFunctionsCombine-Community";
		};
		3E269EE72B69A2C3004DFF1C /* FirebaseInAppMessaging-Beta */ = {
			isa = XCSwiftPackageProductDependency;
			package = 3E269EB72B699F15004DFF1C /* XCRemoteSwiftPackageReference "firebase-ios-sdk" */;
			productName = "FirebaseInAppMessaging-Beta";
		};
		3E269EE92B69A2C3004DFF1C /* FirebaseInAppMessagingSwift-Beta */ = {
			isa = XCSwiftPackageProductDependency;
			package = 3E269EB72B699F15004DFF1C /* XCRemoteSwiftPackageReference "firebase-ios-sdk" */;
			productName = "FirebaseInAppMessagingSwift-Beta";
		};
		3E269EEB2B69A2C3004DFF1C /* FirebaseInstallations */ = {
			isa = XCSwiftPackageProductDependency;
			package = 3E269EB72B699F15004DFF1C /* XCRemoteSwiftPackageReference "firebase-ios-sdk" */;
			productName = FirebaseInstallations;
		};
		3E269EED2B69A2C3004DFF1C /* FirebaseMLModelDownloader */ = {
			isa = XCSwiftPackageProductDependency;
			package = 3E269EB72B699F15004DFF1C /* XCRemoteSwiftPackageReference "firebase-ios-sdk" */;
			productName = FirebaseMLModelDownloader;
		};
		3E269EEF2B69A2C3004DFF1C /* FirebaseMessaging */ = {
			isa = XCSwiftPackageProductDependency;
			package = 3E269EB72B699F15004DFF1C /* XCRemoteSwiftPackageReference "firebase-ios-sdk" */;
			productName = FirebaseMessaging;
		};
		3E269EF12B69A2C3004DFF1C /* FirebasePerformance */ = {
			isa = XCSwiftPackageProductDependency;
			package = 3E269EB72B699F15004DFF1C /* XCRemoteSwiftPackageReference "firebase-ios-sdk" */;
			productName = FirebasePerformance;
		};
		3E269EF32B69A2C3004DFF1C /* FirebaseRemoteConfig */ = {
			isa = XCSwiftPackageProductDependency;
			package = 3E269EB72B699F15004DFF1C /* XCRemoteSwiftPackageReference "firebase-ios-sdk" */;
			productName = FirebaseRemoteConfig;
		};
		3E269EF52B69A2C3004DFF1C /* FirebaseRemoteConfigSwift */ = {
			isa = XCSwiftPackageProductDependency;
			package = 3E269EB72B699F15004DFF1C /* XCRemoteSwiftPackageReference "firebase-ios-sdk" */;
			productName = FirebaseRemoteConfigSwift;
		};
		3E269EF72B69A2C3004DFF1C /* FirebaseStorage */ = {
			isa = XCSwiftPackageProductDependency;
			package = 3E269EB72B699F15004DFF1C /* XCRemoteSwiftPackageReference "firebase-ios-sdk" */;
			productName = FirebaseStorage;
		};
		3E269EF92B69A2C3004DFF1C /* FirebaseStorageCombine-Community */ = {
			isa = XCSwiftPackageProductDependency;
			package = 3E269EB72B699F15004DFF1C /* XCRemoteSwiftPackageReference "firebase-ios-sdk" */;
			productName = "FirebaseStorageCombine-Community";
		};
		3E4633F22B69EA390021B851 /* FacebookAEM */ = {
			isa = XCSwiftPackageProductDependency;
			package = 3E4633F12B69EA390021B851 /* XCRemoteSwiftPackageReference "facebook-ios-sdk" */;
			productName = FacebookAEM;
		};
		3E4633F42B69EA390021B851 /* FacebookBasics */ = {
			isa = XCSwiftPackageProductDependency;
			package = 3E4633F12B69EA390021B851 /* XCRemoteSwiftPackageReference "facebook-ios-sdk" */;
			productName = FacebookBasics;
		};
		3E4633F62B69EA390021B851 /* FacebookCore */ = {
			isa = XCSwiftPackageProductDependency;
			package = 3E4633F12B69EA390021B851 /* XCRemoteSwiftPackageReference "facebook-ios-sdk" */;
			productName = FacebookCore;
		};
		3E4633F82B69EA390021B851 /* FacebookLogin */ = {
			isa = XCSwiftPackageProductDependency;
			package = 3E4633F12B69EA390021B851 /* XCRemoteSwiftPackageReference "facebook-ios-sdk" */;
			productName = FacebookLogin;
		};
		3EEC50942B69AB20003D3A3E /* FirebaseAnalytics */ = {
			isa = XCSwiftPackageProductDependency;
			productName = FirebaseAnalytics;
		};
		3EEC50962B69AB20003D3A3E /* FirebaseAnalyticsOnDeviceConversion */ = {
			isa = XCSwiftPackageProductDependency;
			productName = FirebaseAnalyticsOnDeviceConversion;
		};
		3EEC50982B69AB20003D3A3E /* FirebaseAnalyticsSwift */ = {
			isa = XCSwiftPackageProductDependency;
			productName = FirebaseAnalyticsSwift;
		};
		3EEC509A2B69AB20003D3A3E /* FirebaseAnalyticsWithoutAdIdSupport */ = {
			isa = XCSwiftPackageProductDependency;
			productName = FirebaseAnalyticsWithoutAdIdSupport;
		};
		3EEC509C2B69AB20003D3A3E /* FirebaseAppCheck */ = {
			isa = XCSwiftPackageProductDependency;
			productName = FirebaseAppCheck;
		};
		3EEC509E2B69AB20003D3A3E /* FirebaseAppDistribution-Beta */ = {
			isa = XCSwiftPackageProductDependency;
			productName = "FirebaseAppDistribution-Beta";
		};
		3EEC50A02B69AB20003D3A3E /* FirebaseAuth */ = {
			isa = XCSwiftPackageProductDependency;
			productName = FirebaseAuth;
		};
		3EEC50A22B69AB20003D3A3E /* FirebaseAuthCombine-Community */ = {
			isa = XCSwiftPackageProductDependency;
			productName = "FirebaseAuthCombine-Community";
		};
		3EEC50A42B69AB20003D3A3E /* FirebaseCrashlytics */ = {
			isa = XCSwiftPackageProductDependency;
			productName = FirebaseCrashlytics;
		};
		3EEC50A62B69AB20003D3A3E /* FirebaseDatabase */ = {
			isa = XCSwiftPackageProductDependency;
			productName = FirebaseDatabase;
		};
		3EEC50A82B69AB20003D3A3E /* FirebaseDatabaseSwift */ = {
			isa = XCSwiftPackageProductDependency;
			productName = FirebaseDatabaseSwift;
		};
		3EEC50AA2B69AB20003D3A3E /* FirebaseDynamicLinks */ = {
			isa = XCSwiftPackageProductDependency;
			productName = FirebaseDynamicLinks;
		};
		3EEC50AC2B69AB20003D3A3E /* FirebaseFirestore */ = {
			isa = XCSwiftPackageProductDependency;
			productName = FirebaseFirestore;
		};
		3EEC50AE2B69AB20003D3A3E /* FirebaseFirestoreCombine-Community */ = {
			isa = XCSwiftPackageProductDependency;
			productName = "FirebaseFirestoreCombine-Community";
		};
		3EEC50B02B69AB20003D3A3E /* FirebaseFirestoreSwift */ = {
			isa = XCSwiftPackageProductDependency;
			productName = FirebaseFirestoreSwift;
		};
		3EEC50B22B69AB20003D3A3E /* FirebaseFunctions */ = {
			isa = XCSwiftPackageProductDependency;
			productName = FirebaseFunctions;
		};
		3EEC50B42B69AB20003D3A3E /* FirebaseFunctionsCombine-Community */ = {
			isa = XCSwiftPackageProductDependency;
			productName = "FirebaseFunctionsCombine-Community";
		};
		3EEC50B62B69AB20003D3A3E /* FirebaseInAppMessaging-Beta */ = {
			isa = XCSwiftPackageProductDependency;
			productName = "FirebaseInAppMessaging-Beta";
		};
		3EEC50B82B69AB20003D3A3E /* FirebaseInAppMessagingSwift-Beta */ = {
			isa = XCSwiftPackageProductDependency;
			productName = "FirebaseInAppMessagingSwift-Beta";
		};
		3EEC50BA2B69AB20003D3A3E /* FirebaseInstallations */ = {
			isa = XCSwiftPackageProductDependency;
			productName = FirebaseInstallations;
		};
		3EEC50BC2B69AB20003D3A3E /* FirebaseMLModelDownloader */ = {
			isa = XCSwiftPackageProductDependency;
			productName = FirebaseMLModelDownloader;
		};
		3EEC50BE2B69AB20003D3A3E /* FirebaseMessaging */ = {
			isa = XCSwiftPackageProductDependency;
			productName = FirebaseMessaging;
		};
		3EEC50C02B69AB20003D3A3E /* FirebasePerformance */ = {
			isa = XCSwiftPackageProductDependency;
			productName = FirebasePerformance;
		};
		3EEC50C22B69AB20003D3A3E /* FirebaseRemoteConfig */ = {
			isa = XCSwiftPackageProductDependency;
			productName = FirebaseRemoteConfig;
		};
		3EEC50C42B69AB20003D3A3E /* FirebaseRemoteConfigSwift */ = {
			isa = XCSwiftPackageProductDependency;
			productName = FirebaseRemoteConfigSwift;
		};
		3EEC50C62B69AB20003D3A3E /* FirebaseStorage */ = {
			isa = XCSwiftPackageProductDependency;
			productName = FirebaseStorage;
		};
		3EEC50C82B69AB20003D3A3E /* FirebaseStorageCombine-Community */ = {
			isa = XCSwiftPackageProductDependency;
			productName = "FirebaseStorageCombine-Community";
		};
		3EEC50CC2B69D1B9003D3A3E /* GoogleSignIn */ = {
			isa = XCSwiftPackageProductDependency;
			package = 3EEC50CB2B69D1B9003D3A3E /* XCRemoteSwiftPackageReference "GoogleSignIn-iOS" */;
			productName = GoogleSignIn;
		};
		3EEC50CE2B69D1B9003D3A3E /* GoogleSignInSwift */ = {
			isa = XCSwiftPackageProductDependency;
			package = 3EEC50CB2B69D1B9003D3A3E /* XCRemoteSwiftPackageReference "GoogleSignIn-iOS" */;
			productName = GoogleSignInSwift;
		};
/* End XCSwiftPackageProductDependency section */
	};
	rootObject = 3E5CA6CC2B689899008AF2FA /* Project object */;
}
